
Microsoft Visual Studio Solution File, Format Version 12.00
Project("{FAE04EC0-301F-11D3-BF4B-00C04F79EFBC}") = "MineSweeper_v01", "MineSweeper_v01\MineSweeper_v01.csproj", "{4CF77268-473D-42C7-A554-9851BD73BC16}"
EndProject
Global
	GlobalSection(SolutionConfigurationPlatforms) = preSolution
		Debug|Any CPU = Debug|Any CPU
		Release|Any CPU = Release|Any CPU
	EndGlobalSection
	GlobalSection(ProjectConfigurationPlatforms) = postSolution
		{4CF77268-473D-42C7-A554-9851BD73BC16}.Debug|Any CPU.ActiveCfg = Debug|Any CPU
		{4CF77268-473D-42C7-A554-9851BD73BC16}.Debug|Any CPU.Build.0 = Debug|Any CPU
		{4CF77268-473D-42C7-A554-9851BD73BC16}.Release|Any CPU.ActiveCfg = Release|Any CPU
		{4CF77268-473D-42C7-A554-9851BD73BC16}.Release|Any CPU.Build.0 = Release|Any CPU
	EndGlobalSection
EndGlobal
